
Microsoft Visual Studio Solution File, Format Version 12.00
# Visual Studio Version 17
VisualStudioVersion = 17.14.36401.2 d17.14
MinimumVisualStudioVersion = 10.0.40219.1
Project("{FAE04EC0-301F-11D3-BF4B-00C04F79EFBC}") = "MusicPlayerApp.Domain", "MusicPlayerApp.Domain\MusicPlayerApp.Domain.csproj", "{89C278D2-BB65-4EB5-81B3-3DFBA1244B48}"
EndProject
Project("{FAE04EC0-301F-11D3-BF4B-00C04F79EFBC}") = "MusicPlayerApp.Application", "MusicPlayerApp.Application\MusicPlayerApp.Application.csproj", "{4E922519-1C49-4A00-907D-C809638A69D9}"
	ProjectSection(ProjectDependencies) = postProject
		{89C278D2-BB65-4EB5-81B3-3DFBA1244B48} = {89C278D2-BB65-4EB5-81B3-3DFBA1244B48}
	EndProjectSection
EndProject
Project("{FAE04EC0-301F-11D3-BF4B-00C04F79EFBC}") = "MusicPlayerApp.Infrastructure", "MusicPlayerApp.Infrastructure\MusicPlayerApp.Infrastructure.csproj", "{7D7C8036-197B-483B-9785-B63BF8AD8C38}"
	ProjectSection(ProjectDependencies) = postProject
		{4E922519-1C49-4A00-907D-C809638A69D9} = {4E922519-1C49-4A00-907D-C809638A69D9}
		{89C278D2-BB65-4EB5-81B3-3DFBA1244B48} = {89C278D2-BB65-4EB5-81B3-3DFBA1244B48}
	EndProjectSection
EndProject
Project("{FAE04EC0-301F-11D3-BF4B-00C04F79EFBC}") = "MusicPlayerApp.Tests", "MusicPlayerApp.Tests\MusicPlayerApp.Tests.csproj", "{13F406FD-E8B5-42BA-8483-3CE772731170}"
EndProject
Global
	GlobalSection(SolutionConfigurationPlatforms) = preSolution
		Debug|Any CPU = Debug|Any CPU
		Release|Any CPU = Release|Any CPU
	EndGlobalSection
	GlobalSection(ProjectConfigurationPlatforms) = postSolution
		{89C278D2-BB65-4EB5-81B3-3DFBA1244B48}.Debug|Any CPU.ActiveCfg = Debug|Any CPU
		{89C278D2-BB65-4EB5-81B3-3DFBA1244B48}.Debug|Any CPU.Build.0 = Debug|Any CPU
		{89C278D2-BB65-4EB5-81B3-3DFBA1244B48}.Release|Any CPU.ActiveCfg = Release|Any CPU
		{89C278D2-BB65-4EB5-81B3-3DFBA1244B48}.Release|Any CPU.Build.0 = Release|Any CPU
		{4E922519-1C49-4A00-907D-C809638A69D9}.Debug|Any CPU.ActiveCfg = Debug|Any CPU
		{4E922519-1C49-4A00-907D-C809638A69D9}.Debug|Any CPU.Build.0 = Debug|Any CPU
		{4E922519-1C49-4A00-907D-C809638A69D9}.Release|Any CPU.ActiveCfg = Release|Any CPU
		{4E922519-1C49-4A00-907D-C809638A69D9}.Release|Any CPU.Build.0 = Release|Any CPU
		{7D7C8036-197B-483B-9785-B63BF8AD8C38}.Debug|Any CPU.ActiveCfg = Debug|Any CPU
		{7D7C8036-197B-483B-9785-B63BF8AD8C38}.Debug|Any CPU.Build.0 = Debug|Any CPU
		{7D7C8036-197B-483B-9785-B63BF8AD8C38}.Release|Any CPU.ActiveCfg = Release|Any CPU
		{7D7C8036-197B-483B-9785-B63BF8AD8C38}.Release|Any CPU.Build.0 = Release|Any CPU
		{13F406FD-E8B5-42BA-8483-3CE772731170}.Debug|Any CPU.ActiveCfg = Debug|Any CPU
		{13F406FD-E8B5-42BA-8483-3CE772731170}.Debug|Any CPU.Build.0 = Debug|Any CPU
		{13F406FD-E8B5-42BA-8483-3CE772731170}.Release|Any CPU.ActiveCfg = Release|Any CPU
		{13F406FD-E8B5-42BA-8483-3CE772731170}.Release|Any CPU.Build.0 = Release|Any CPU
	EndGlobalSection
	GlobalSection(SolutionProperties) = preSolution
		HideSolutionNode = FALSE
	EndGlobalSection
	GlobalSection(ExtensibilityGlobals) = postSolution
		SolutionGuid = {ED5C9F97-17AE-4660-B698-B404B5CCC6C5}
	EndGlobalSection
EndGlobal
